// !$*UTF8*$!
{
	archiveVersion = 1;
	classes = {
	};
	objectVersion = 46;
	objects = {

/* Begin PBXBuildFile section */
		5DEFC8781AA46C2000E3516D /* RFDuino_iOSTests.swift in Sources */ = {isa = PBXBuildFile; fileRef = 5DEFC8771AA46C2000E3516D /* RFDuino_iOSTests.swift */; };
		A46970C41BD77AC30048BC71 /* AppDelegate.swift in Sources */ = {isa = PBXBuildFile; fileRef = A46970BA1BD77AC30048BC71 /* AppDelegate.swift */; settings = {ASSET_TAGS = (); }; };
		A46970C51BD77AC30048BC71 /* LaunchScreen.xib in Resources */ = {isa = PBXBuildFile; fileRef = A46970BB1BD77AC30048BC71 /* LaunchScreen.xib */; settings = {ASSET_TAGS = (); }; };
		A46970C61BD77AC30048BC71 /* Main.storyboard in Resources */ = {isa = PBXBuildFile; fileRef = A46970BD1BD77AC30048BC71 /* Main.storyboard */; settings = {ASSET_TAGS = (); }; };
		A46970C71BD77AC30048BC71 /* dataTypes.swift in Sources */ = {isa = PBXBuildFile; fileRef = A46970BF1BD77AC30048BC71 /* dataTypes.swift */; settings = {ASSET_TAGS = (); }; };
		A46970C81BD77AC30048BC71 /* Images.xcassets in Resources */ = {isa = PBXBuildFile; fileRef = A46970C01BD77AC30048BC71 /* Images.xcassets */; settings = {ASSET_TAGS = (); }; };
		A46970C91BD77AC30048BC71 /* Info.plist in Resources */ = {isa = PBXBuildFile; fileRef = A46970C11BD77AC30048BC71 /* Info.plist */; settings = {ASSET_TAGS = (); }; };
		A46970CA1BD77AC30048BC71 /* ViewController.swift in Sources */ = {isa = PBXBuildFile; fileRef = A46970C31BD77AC30048BC71 /* ViewController.swift */; settings = {ASSET_TAGS = (); }; };
		A46970CD1BD77BA10048BC71 /* RFduinoManager.swift in Sources */ = {isa = PBXBuildFile; fileRef = A46970CC1BD77BA10048BC71 /* RFduinoManager.swift */; settings = {ASSET_TAGS = (); }; };
		A46970D61BD77BA70048BC71 /* NSData+CRC8.m in Sources */ = {isa = PBXBuildFile; fileRef = A46970D21BD77BA70048BC71 /* NSData+CRC8.m */; settings = {ASSET_TAGS = (); }; };
		A46970D71BD77BA70048BC71 /* NSData+SLIP.m in Sources */ = {isa = PBXBuildFile; fileRef = A46970D41BD77BA70048BC71 /* NSData+SLIP.m */; settings = {ASSET_TAGS = (); }; };
		A46970D81BD77BA70048BC71 /* SLIPBuffer.swift in Sources */ = {isa = PBXBuildFile; fileRef = A46970D51BD77BA70048BC71 /* SLIPBuffer.swift */; settings = {ASSET_TAGS = (); }; };
/* End PBXBuildFile section */

/* Begin PBXContainerItemProxy section */
		5DEFC8721AA46C2000E3516D /* PBXContainerItemProxy */ = {
			isa = PBXContainerItemProxy;
			containerPortal = 5DEFC8541AA46C2000E3516D /* Project object */;
			proxyType = 1;
			remoteGlobalIDString = 5DEFC85B1AA46C2000E3516D;
			remoteInfo = RFDuino_iOS;
		};
/* End PBXContainerItemProxy section */

/* Begin PBXFileReference section */
		5DEFC85C1AA46C2000E3516D /* ios_imu.app */ = {isa = PBXFileReference; explicitFileType = wrapper.application; includeInIndex = 0; path = ios_imu.app; sourceTree = BUILT_PRODUCTS_DIR; };
		5DEFC8711AA46C2000E3516D /* ios_imu.xctest */ = {isa = PBXFileReference; explicitFileType = wrapper.cfbundle; includeInIndex = 0; path = ios_imu.xctest; sourceTree = BUILT_PRODUCTS_DIR; };
		5DEFC8761AA46C2000E3516D /* Info.plist */ = {isa = PBXFileReference; lastKnownFileType = text.plist.xml; path = Info.plist; sourceTree = "<group>"; };
		5DEFC8771AA46C2000E3516D /* RFDuino_iOSTests.swift */ = {isa = PBXFileReference; lastKnownFileType = sourcecode.swift; path = RFDuino_iOSTests.swift; sourceTree = "<group>"; };
		A46970BA1BD77AC30048BC71 /* AppDelegate.swift */ = {isa = PBXFileReference; fileEncoding = 4; lastKnownFileType = sourcecode.swift; path = AppDelegate.swift; sourceTree = "<group>"; };
		A46970BC1BD77AC30048BC71 /* Base */ = {isa = PBXFileReference; lastKnownFileType = file.xib; name = Base; path = Base.lproj/LaunchScreen.xib; sourceTree = "<group>"; };
		A46970BE1BD77AC30048BC71 /* Base */ = {isa = PBXFileReference; lastKnownFileType = file.storyboard; name = Base; path = Base.lproj/Main.storyboard; sourceTree = "<group>"; };
		A46970BF1BD77AC30048BC71 /* dataTypes.swift */ = {isa = PBXFileReference; fileEncoding = 4; lastKnownFileType = sourcecode.swift; path = dataTypes.swift; sourceTree = "<group>"; };
		A46970C01BD77AC30048BC71 /* Images.xcassets */ = {isa = PBXFileReference; lastKnownFileType = folder.assetcatalog; path = Images.xcassets; sourceTree = "<group>"; };
		A46970C11BD77AC30048BC71 /* Info.plist */ = {isa = PBXFileReference; fileEncoding = 4; lastKnownFileType = text.plist.xml; path = Info.plist; sourceTree = "<group>"; };
		A46970C21BD77AC30048BC71 /* ios_imu-Bridging-Header.h */ = {isa = PBXFileReference; fileEncoding = 4; lastKnownFileType = sourcecode.c.h; path = "ios_imu-Bridging-Header.h"; sourceTree = "<group>"; };
		A46970C31BD77AC30048BC71 /* ViewController.swift */ = {isa = PBXFileReference; fileEncoding = 4; lastKnownFileType = sourcecode.swift; path = ViewController.swift; sourceTree = "<group>"; };
		A46970CC1BD77BA10048BC71 /* RFduinoManager.swift */ = {isa = PBXFileReference; fileEncoding = 4; lastKnownFileType = sourcecode.swift; path = RFduinoManager.swift; sourceTree = "<group>"; };
		A46970CF1BD77BA70048BC71 /* constants.h */ = {isa = PBXFileReference; fileEncoding = 4; lastKnownFileType = sourcecode.c.h; path = constants.h; sourceTree = "<group>"; };
		A46970D01BD77BA70048BC71 /* data_types.h */ = {isa = PBXFileReference; fileEncoding = 4; lastKnownFileType = sourcecode.c.h; path = data_types.h; sourceTree = "<group>"; };
		A46970D11BD77BA70048BC71 /* NSData+CRC8.h */ = {isa = PBXFileReference; fileEncoding = 4; lastKnownFileType = sourcecode.c.h; path = "NSData+CRC8.h"; sourceTree = "<group>"; };
		A46970D21BD77BA70048BC71 /* NSData+CRC8.m */ = {isa = PBXFileReference; fileEncoding = 4; lastKnownFileType = sourcecode.c.objc; path = "NSData+CRC8.m"; sourceTree = "<group>"; };
		A46970D31BD77BA70048BC71 /* NSData+SLIP.h */ = {isa = PBXFileReference; fileEncoding = 4; lastKnownFileType = sourcecode.c.h; path = "NSData+SLIP.h"; sourceTree = "<group>"; };
		A46970D41BD77BA70048BC71 /* NSData+SLIP.m */ = {isa = PBXFileReference; fileEncoding = 4; lastKnownFileType = sourcecode.c.objc; path = "NSData+SLIP.m"; sourceTree = "<group>"; };
		A46970D51BD77BA70048BC71 /* SLIPBuffer.swift */ = {isa = PBXFileReference; fileEncoding = 4; lastKnownFileType = sourcecode.swift; path = SLIPBuffer.swift; sourceTree = "<group>"; };
/* End PBXFileReference section */

/* Begin PBXFrameworksBuildPhase section */
		5DEFC8591AA46C2000E3516D /* Frameworks */ = {
			isa = PBXFrameworksBuildPhase;
			buildActionMask = 2147483647;
			files = (
			);
			runOnlyForDeploymentPostprocessing = 0;
		};
		5DEFC86E1AA46C2000E3516D /* Frameworks */ = {
			isa = PBXFrameworksBuildPhase;
			buildActionMask = 2147483647;
			files = (
			);
			runOnlyForDeploymentPostprocessing = 0;
		};
/* End PBXFrameworksBuildPhase section */

/* Begin PBXGroup section */
		5DEFC8531AA46C2000E3516D = {
			isa = PBXGroup;
			children = (
				A46970B91BD77AC30048BC71 /* ios_imu */,
				5DEFC8741AA46C2000E3516D /* RFDuino_iOSTests */,
				5DEFC85D1AA46C2000E3516D /* Products */,
			);
			sourceTree = "<group>";
		};
		5DEFC85D1AA46C2000E3516D /* Products */ = {
			isa = PBXGroup;
			children = (
				5DEFC85C1AA46C2000E3516D /* ios_imu.app */,
				5DEFC8711AA46C2000E3516D /* ios_imu.xctest */,
			);
			name = Products;
			sourceTree = "<group>";
		};
		5DEFC8741AA46C2000E3516D /* RFDuino_iOSTests */ = {
			isa = PBXGroup;
			children = (
				5DEFC8771AA46C2000E3516D /* RFDuino_iOSTests.swift */,
				5DEFC8751AA46C2000E3516D /* Supporting Files */,
			);
			path = RFDuino_iOSTests;
			sourceTree = "<group>";
		};
		5DEFC8751AA46C2000E3516D /* Supporting Files */ = {
			isa = PBXGroup;
			children = (
				5DEFC8761AA46C2000E3516D /* Info.plist */,
			);
			name = "Supporting Files";
			sourceTree = "<group>";
		};
		A46970B91BD77AC30048BC71 /* ios_imu */ = {
			isa = PBXGroup;
			children = (
				A46970CE1BD77BA70048BC71 /* Utilities */,
				A46970CB1BD77BA10048BC71 /* Managers */,
				A46970BA1BD77AC30048BC71 /* AppDelegate.swift */,
				A46970BB1BD77AC30048BC71 /* LaunchScreen.xib */,
				A46970BD1BD77AC30048BC71 /* Main.storyboard */,
				A46970BF1BD77AC30048BC71 /* dataTypes.swift */,
				A46970C01BD77AC30048BC71 /* Images.xcassets */,
				A46970C11BD77AC30048BC71 /* Info.plist */,
				A46970C21BD77AC30048BC71 /* ios_imu-Bridging-Header.h */,
				A46970C31BD77AC30048BC71 /* ViewController.swift */,
			);
			path = ios_imu;
			sourceTree = "<group>";
		};
		A46970CB1BD77BA10048BC71 /* Managers */ = {
			isa = PBXGroup;
			children = (
				A46970CC1BD77BA10048BC71 /* RFduinoManager.swift */,
			);
			path = Managers;
			sourceTree = "<group>";
		};
		A46970CE1BD77BA70048BC71 /* Utilities */ = {
			isa = PBXGroup;
			children = (
				A46970CF1BD77BA70048BC71 /* constants.h */,
				A46970D01BD77BA70048BC71 /* data_types.h */,
				A46970D11BD77BA70048BC71 /* NSData+CRC8.h */,
				A46970D21BD77BA70048BC71 /* NSData+CRC8.m */,
				A46970D31BD77BA70048BC71 /* NSData+SLIP.h */,
				A46970D41BD77BA70048BC71 /* NSData+SLIP.m */,
				A46970D51BD77BA70048BC71 /* SLIPBuffer.swift */,
			);
			name = Utilities;
			path = Managers/Utilities;
			sourceTree = "<group>";
		};
/* End PBXGroup section */

/* Begin PBXNativeTarget section */
		5DEFC85B1AA46C2000E3516D /* ios_imu */ = {
			isa = PBXNativeTarget;
			buildConfigurationList = 5DEFC87B1AA46C2000E3516D /* Build configuration list for PBXNativeTarget "ios_imu" */;
			buildPhases = (
				5DEFC8581AA46C2000E3516D /* Sources */,
				5DEFC8591AA46C2000E3516D /* Frameworks */,
				5DEFC85A1AA46C2000E3516D /* Resources */,
			);
			buildRules = (
			);
			dependencies = (
			);
			name = ios_imu;
			productName = RFDuino_iOS;
			productReference = 5DEFC85C1AA46C2000E3516D /* ios_imu.app */;
			productType = "com.apple.product-type.application";
		};
		5DEFC8701AA46C2000E3516D /* ios_imuTests */ = {
			isa = PBXNativeTarget;
			buildConfigurationList = 5DEFC87E1AA46C2000E3516D /* Build configuration list for PBXNativeTarget "ios_imuTests" */;
			buildPhases = (
				5DEFC86D1AA46C2000E3516D /* Sources */,
				5DEFC86E1AA46C2000E3516D /* Frameworks */,
				5DEFC86F1AA46C2000E3516D /* Resources */,
			);
			buildRules = (
			);
			dependencies = (
				5DEFC8731AA46C2000E3516D /* PBXTargetDependency */,
			);
			name = ios_imuTests;
			productName = RFDuino_iOSTests;
			productReference = 5DEFC8711AA46C2000E3516D /* ios_imu.xctest */;
			productType = "com.apple.product-type.bundle.unit-test";
		};
/* End PBXNativeTarget section */

/* Begin PBXProject section */
		5DEFC8541AA46C2000E3516D /* Project object */ = {
			isa = PBXProject;
			attributes = {
				LastSwiftUpdateCheck = 0700;
				LastUpgradeCheck = 0700;
				ORGANIZATIONNAME = "Ryan A. Rodriguez";
				TargetAttributes = {
					5DEFC85B1AA46C2000E3516D = {
						CreatedOnToolsVersion = 6.1.1;
						DevelopmentTeam = Z5SLZ6QPTL;
					};
					5DEFC8701AA46C2000E3516D = {
						CreatedOnToolsVersion = 6.1.1;
						TestTargetID = 5DEFC85B1AA46C2000E3516D;
					};
				};
			};
			buildConfigurationList = 5DEFC8571AA46C2000E3516D /* Build configuration list for PBXProject "ios_imu" */;
			compatibilityVersion = "Xcode 3.2";
			developmentRegion = English;
			hasScannedForEncodings = 0;
			knownRegions = (
				en,
				Base,
			);
			mainGroup = 5DEFC8531AA46C2000E3516D;
			productRefGroup = 5DEFC85D1AA46C2000E3516D /* Products */;
			projectDirPath = "";
			projectRoot = "";
			targets = (
				5DEFC85B1AA46C2000E3516D /* ios_imu */,
				5DEFC8701AA46C2000E3516D /* ios_imuTests */,
			);
		};
/* End PBXProject section */

/* Begin PBXResourcesBuildPhase section */
		5DEFC85A1AA46C2000E3516D /* Resources */ = {
			isa = PBXResourcesBuildPhase;
			buildActionMask = 2147483647;
			files = (
				A46970C91BD77AC30048BC71 /* Info.plist in Resources */,
				A46970C81BD77AC30048BC71 /* Images.xcassets in Resources */,
				A46970C51BD77AC30048BC71 /* LaunchScreen.xib in Resources */,
				A46970C61BD77AC30048BC71 /* Main.storyboard in Resources */,
			);
			runOnlyForDeploymentPostprocessing = 0;
		};
		5DEFC86F1AA46C2000E3516D /* Resources */ = {
			isa = PBXResourcesBuildPhase;
			buildActionMask = 2147483647;
			files = (
			);
			runOnlyForDeploymentPostprocessing = 0;
		};
/* End PBXResourcesBuildPhase section */

/* Begin PBXSourcesBuildPhase section */
		5DEFC8581AA46C2000E3516D /* Sources */ = {
			isa = PBXSourcesBuildPhase;
			buildActionMask = 2147483647;
			files = (
				A46970CA1BD77AC30048BC71 /* ViewController.swift in Sources */,
				A46970D61BD77BA70048BC71 /* NSData+CRC8.m in Sources */,
				A46970CD1BD77BA10048BC71 /* RFduinoManager.swift in Sources */,
				A46970C41BD77AC30048BC71 /* AppDelegate.swift in Sources */,
				A46970D71BD77BA70048BC71 /* NSData+SLIP.m in Sources */,
				A46970D81BD77BA70048BC71 /* SLIPBuffer.swift in Sources */,
				A46970C71BD77AC30048BC71 /* dataTypes.swift in Sources */,
			);
			runOnlyForDeploymentPostprocessing = 0;
		};
		5DEFC86D1AA46C2000E3516D /* Sources */ = {
			isa = PBXSourcesBuildPhase;
			buildActionMask = 2147483647;
			files = (
				5DEFC8781AA46C2000E3516D /* RFDuino_iOSTests.swift in Sources */,
			);
			runOnlyForDeploymentPostprocessing = 0;
		};
/* End PBXSourcesBuildPhase section */

/* Begin PBXTargetDependency section */
		5DEFC8731AA46C2000E3516D /* PBXTargetDependency */ = {
			isa = PBXTargetDependency;
			target = 5DEFC85B1AA46C2000E3516D /* ios_imu */;
			targetProxy = 5DEFC8721AA46C2000E3516D /* PBXContainerItemProxy */;
		};
/* End PBXTargetDependency section */

/* Begin PBXVariantGroup section */
		A46970BB1BD77AC30048BC71 /* LaunchScreen.xib */ = {
			isa = PBXVariantGroup;
			children = (
				A46970BC1BD77AC30048BC71 /* Base */,
			);
			name = LaunchScreen.xib;
			sourceTree = "<group>";
		};
		A46970BD1BD77AC30048BC71 /* Main.storyboard */ = {
			isa = PBXVariantGroup;
			children = (
				A46970BE1BD77AC30048BC71 /* Base */,
			);
			name = Main.storyboard;
			sourceTree = "<group>";
		};
/* End PBXVariantGroup section */

/* Begin XCBuildConfiguration section */
		5DEFC8791AA46C2000E3516D /* Debug */ = {
			isa = XCBuildConfiguration;
			buildSettings = {
				ALWAYS_SEARCH_USER_PATHS = NO;
				CLANG_CXX_LANGUAGE_STANDARD = "gnu++0x";
				CLANG_CXX_LIBRARY = "libc++";
				CLANG_ENABLE_MODULES = YES;
				CLANG_ENABLE_OBJC_ARC = YES;
				CLANG_WARN_BOOL_CONVERSION = YES;
				CLANG_WARN_CONSTANT_CONVERSION = YES;
				CLANG_WARN_DIRECT_OBJC_ISA_USAGE = YES_ERROR;
				CLANG_WARN_EMPTY_BODY = YES;
				CLANG_WARN_ENUM_CONVERSION = YES;
				CLANG_WARN_INT_CONVERSION = YES;
				CLANG_WARN_OBJC_ROOT_CLASS = YES_ERROR;
				CLANG_WARN_UNREACHABLE_CODE = YES;
				CLANG_WARN__DUPLICATE_METHOD_MATCH = YES;
				"CODE_SIGN_IDENTITY[sdk=iphoneos*]" = "iPhone Developer";
				COPY_PHASE_STRIP = NO;
				ENABLE_STRICT_OBJC_MSGSEND = YES;
				ENABLE_TESTABILITY = YES;
				GCC_C_LANGUAGE_STANDARD = gnu99;
				GCC_DYNAMIC_NO_PIC = NO;
				GCC_OPTIMIZATION_LEVEL = 0;
				GCC_PREPROCESSOR_DEFINITIONS = (
					"DEBUG=1",
					"$(inherited)",
				);
				GCC_SYMBOLS_PRIVATE_EXTERN = NO;
				GCC_WARN_64_TO_32_BIT_CONVERSION = YES;
				GCC_WARN_ABOUT_RETURN_TYPE = YES_ERROR;
				GCC_WARN_UNDECLARED_SELECTOR = YES;
				GCC_WARN_UNINITIALIZED_AUTOS = YES_AGGRESSIVE;
				GCC_WARN_UNUSED_FUNCTION = YES;
				GCC_WARN_UNUSED_VARIABLE = YES;
				IPHONEOS_DEPLOYMENT_TARGET = 8.1;
				MTL_ENABLE_DEBUG_INFO = YES;
				ONLY_ACTIVE_ARCH = YES;
				SDKROOT = iphoneos;
				SWIFT_OPTIMIZATION_LEVEL = "-Onone";
				TARGETED_DEVICE_FAMILY = "1,2";
			};
			name = Debug;
		};
		5DEFC87A1AA46C2000E3516D /* Release */ = {
			isa = XCBuildConfiguration;
			buildSettings = {
				ALWAYS_SEARCH_USER_PATHS = NO;
				CLANG_CXX_LANGUAGE_STANDARD = "gnu++0x";
				CLANG_CXX_LIBRARY = "libc++";
				CLANG_ENABLE_MODULES = YES;
				CLANG_ENABLE_OBJC_ARC = YES;
				CLANG_WARN_BOOL_CONVERSION = YES;
				CLANG_WARN_CONSTANT_CONVERSION = YES;
				CLANG_WARN_DIRECT_OBJC_ISA_USAGE = YES_ERROR;
				CLANG_WARN_EMPTY_BODY = YES;
				CLANG_WARN_ENUM_CONVERSION = YES;
				CLANG_WARN_INT_CONVERSION = YES;
				CLANG_WARN_OBJC_ROOT_CLASS = YES_ERROR;
				CLANG_WARN_UNREACHABLE_CODE = YES;
				CLANG_WARN__DUPLICATE_METHOD_MATCH = YES;
				"CODE_SIGN_IDENTITY[sdk=iphoneos*]" = "iPhone Developer";
				COPY_PHASE_STRIP = YES;
				ENABLE_NS_ASSERTIONS = NO;
				ENABLE_STRICT_OBJC_MSGSEND = YES;
				GCC_C_LANGUAGE_STANDARD = gnu99;
				GCC_WARN_64_TO_32_BIT_CONVERSION = YES;
				GCC_WARN_ABOUT_RETURN_TYPE = YES_ERROR;
				GCC_WARN_UNDECLARED_SELECTOR = YES;
				GCC_WARN_UNINITIALIZED_AUTOS = YES_AGGRESSIVE;
				GCC_WARN_UNUSED_FUNCTION = YES;
				GCC_WARN_UNUSED_VARIABLE = YES;
				IPHONEOS_DEPLOYMENT_TARGET = 8.1;
				MTL_ENABLE_DEBUG_INFO = NO;
				SDKROOT = iphoneos;
				TARGETED_DEVICE_FAMILY = "1,2";
				VALIDATE_PRODUCT = YES;
			};
			name = Release;
		};
		5DEFC87C1AA46C2000E3516D /* Debug */ = {
			isa = XCBuildConfiguration;
			buildSettings = {
				ASSETCATALOG_COMPILER_APPICON_NAME = AppIcon;
				CLANG_ENABLE_MODULES = YES;
				CODE_SIGN_IDENTITY = "iPhone Developer";
				"CODE_SIGN_IDENTITY[sdk=iphoneos*]" = "iPhone Developer";
				INFOPLIST_FILE = ios_imu/Info.plist;
				IPHONEOS_DEPLOYMENT_TARGET = 8.1;
				LD_RUNPATH_SEARCH_PATHS = "$(inherited) @executable_path/Frameworks";
				PRODUCT_BUNDLE_IDENTIFIER = "RYS.$(PRODUCT_NAME:rfc1034identifier)";
				PRODUCT_NAME = ios_imu;
				PROVISIONING_PROFILE = "";
				SWIFT_OBJC_BRIDGING_HEADER = "/Users/empire/Documents/GitHub/RFduino/ios_imu_project/ios_imu/ios_imu-Bridging-Header.h";
				SWIFT_OPTIMIZATION_LEVEL = "-Onone";
				TARGETED_DEVICE_FAMILY = "1,2";
			};
			name = Debug;
		};
		5DEFC87D1AA46C2000E3516D /* Release */ = {
			isa = XCBuildConfiguration;
			buildSettings = {
				ASSETCATALOG_COMPILER_APPICON_NAME = AppIcon;
				CLANG_ENABLE_MODULES = YES;
				CODE_SIGN_IDENTITY = "iPhone Developer";
				"CODE_SIGN_IDENTITY[sdk=iphoneos*]" = "iPhone Developer";
				INFOPLIST_FILE = ios_imu/Info.plist;
				IPHONEOS_DEPLOYMENT_TARGET = 8.1;
				LD_RUNPATH_SEARCH_PATHS = "$(inherited) @executable_path/Frameworks";
				PRODUCT_BUNDLE_IDENTIFIER = "RYS.$(PRODUCT_NAME:rfc1034identifier)";
				PRODUCT_NAME = ios_imu;
				PROVISIONING_PROFILE = "";
				SWIFT_OBJC_BRIDGING_HEADER = "/Users/empire/Documents/GitHub/RFduino/ios_imu_project/ios_imu/ios_imu-Bridging-Header.h";
				TARGETED_DEVICE_FAMILY = "1,2";
			};
			name = Release;
		};
		5DEFC87F1AA46C2000E3516D /* Debug */ = {
			isa = XCBuildConfiguration;
			buildSettings = {
				BUNDLE_LOADER = "$(TEST_HOST)";
				FRAMEWORK_SEARCH_PATHS = (
					"$(SDKROOT)/Developer/Library/Frameworks",
					"$(inherited)",
				);
				GCC_PREPROCESSOR_DEFINITIONS = (
					"DEBUG=1",
					"$(inherited)",
				);
				INFOPLIST_FILE = RFDuino_iOSTests/Info.plist;
				LD_RUNPATH_SEARCH_PATHS = "$(inherited) @executable_path/Frameworks @loader_path/Frameworks";
				PRODUCT_BUNDLE_IDENTIFIER = "RYS.$(PRODUCT_NAME:rfc1034identifier)";
				PRODUCT_NAME = ios_imu;
				TEST_HOST = "$(BUILT_PRODUCTS_DIR)/ios_imu.app/ios_imu";
			};
			name = Debug;
		};
		5DEFC8801AA46C2000E3516D /* Release */ = {
			isa = XCBuildConfiguration;
			buildSettings = {
				BUNDLE_LOADER = "$(TEST_HOST)";
				FRAMEWORK_SEARCH_PATHS = (
					"$(SDKROOT)/Developer/Library/Frameworks",
					"$(inherited)",
				);
				INFOPLIST_FILE = RFDuino_iOSTests/Info.plist;
				LD_RUNPATH_SEARCH_PATHS = "$(inherited) @executable_path/Frameworks @loader_path/Frameworks";
				PRODUCT_BUNDLE_IDENTIFIER = "RYS.$(PRODUCT_NAME:rfc1034identifier)";
				PRODUCT_NAME = ios_imu;
				TEST_HOST = "$(BUILT_PRODUCTS_DIR)/ios_imu.app/ios_imu";
			};
			name = Release;
		};
/* End XCBuildConfiguration section */

/* Begin XCConfigurationList section */
		5DEFC8571AA46C2000E3516D /* Build configuration list for PBXProject "ios_imu" */ = {
			isa = XCConfigurationList;
			buildConfigurations = (
				5DEFC8791AA46C2000E3516D /* Debug */,
				5DEFC87A1AA46C2000E3516D /* Release */,
			);
			defaultConfigurationIsVisible = 0;
			defaultConfigurationName = Release;
		};
		5DEFC87B1AA46C2000E3516D /* Build configuration list for PBXNativeTarget "ios_imu" */ = {
			isa = XCConfigurationList;
			buildConfigurations = (
				5DEFC87C1AA46C2000E3516D /* Debug */,
				5DEFC87D1AA46C2000E3516D /* Release */,
			);
			defaultConfigurationIsVisible = 0;
			defaultConfigurationName = Release;
		};
		5DEFC87E1AA46C2000E3516D /* Build configuration list for PBXNativeTarget "ios_imuTests" */ = {
			isa = XCConfigurationList;
			buildConfigurations = (
				5DEFC87F1AA46C2000E3516D /* Debug */,
				5DEFC8801AA46C2000E3516D /* Release */,
			);
			defaultConfigurationIsVisible = 0;
			defaultConfigurationName = Release;
		};
/* End XCConfigurationList section */
	};
	rootObject = 5DEFC8541AA46C2000E3516D /* Project object */;
}
